
Microsoft Visual Studio Solution File, Format Version 12.00
# Visual Studio Express 2013 for Web
VisualStudioVersion = 12.0.30723.0
MinimumVisualStudioVersion = 10.0.40219.1
Project("{FAE04EC0-301F-11D3-BF4B-00C04F79EFBC}") = "YouWavesAPI", "YouWavesAPI\YouWavesAPI.csproj", "{B661093F-C5D3-493B-9C79-378B6EC495D4}"
EndProject
Project("{FAE04EC0-301F-11D3-BF4B-00C04F79EFBC}") = "Framework", "Framework\Framework.csproj", "{51A6A9CA-9A64-45FB-B649-69B00AEBFA15}"
EndProject
Project("{2150E333-8FDC-42A3-9474-1A3956D46DE8}") = "ForecastAnalyzers", "ForecastAnalyzers", "{256675B7-8C5E-41E9-84D3-07B4CAC39EC2}"
EndProject
Project("{FAE04EC0-301F-11D3-BF4B-00C04F79EFBC}") = "ForecastAnalysisModel", "ForecastWaveAnalyzers\ForecastAnalysisResultEntities\ForecastAnalysisModel.csproj", "{B775F481-1B0D-4F39-9095-A59B994A23D4}"
EndProject
Project("{FAE04EC0-301F-11D3-BF4B-00C04F79EFBC}") = "IsramarWaveAnalyzer", "ForecastWaveAnalyzers\IsramarWaveAnalyzer\IsramarWaveAnalyzer.csproj", "{EADFAF2C-D9B3-430D-85A8-F2DF7A0B367A}"
EndProject
Project("{FAE04EC0-301F-11D3-BF4B-00C04F79EFBC}") = "WaveAnalyzerCommon", "ForecastWaveAnalyzers\WaveAnalyzerCommon\WaveAnalyzerCommon.csproj", "{042D3990-5DB5-46EB-8F85-9D0D4A95FA43}"
EndProject
Project("{FAE04EC0-301F-11D3-BF4B-00C04F79EFBC}") = "WindAlertWaveAnalyzer", "ForecastWaveAnalyzers\WindAlertWaveAnalyzer\WindAlertWaveAnalyzer.csproj", "{5B8EC848-D47B-4F84-8792-137D6D8B3DD5}"
EndProject
Project("{FAE04EC0-301F-11D3-BF4B-00C04F79EFBC}") = "ForecastAnalysisReportCreator", "ForecastAnalysisReportCreator\ForecastAnalysisReportCreator.csproj", "{6E450B02-E4E8-45FB-9CF3-67CABE8B3F3C}"
EndProject
Project("{2150E333-8FDC-42A3-9474-1A3956D46DE8}") = "ForecastWaveAnalyzers", "ForecastWaveAnalyzers", "{538FF9FE-E518-4927-8312-E2551E4D7CAD}"
EndProject
Project("{2150E333-8FDC-42A3-9474-1A3956D46DE8}") = "ForecastNotifications", "ForecastNotifications", "{196A50E6-39E7-43F6-8BE6-4EC748C56F48}"
EndProject
Project("{FAE04EC0-301F-11D3-BF4B-00C04F79EFBC}") = "ForecastAnalysisNotificationCreator", "ForecastNotifications\ForecastAnlysisNotificationCreator\ForecastAnalysisNotificationCreator.csproj", "{1A0B05AC-FA4C-49C1-A87F-6AE51217A7FE}"
EndProject
Project("{FAE04EC0-301F-11D3-BF4B-00C04F79EFBC}") = "ForecastNotificaitonEntities", "ForecastNotifications\ForecastNotificaitonEntities\ForecastNotificaitonEntities.csproj", "{C3E1120B-0102-4D44-862E-0C78C8454257}"
EndProject
Project("{FAE04EC0-301F-11D3-BF4B-00C04F79EFBC}") = "ForecastNotificationSender", "ForecastNotifications\ForecastNotificationSender\ForecastNotificationSender.csproj", "{891D89FA-08E3-4ED4-B413-34742BD88C6B}"
EndProject
Project("{2150E333-8FDC-42A3-9474-1A3956D46DE8}") = "Tests", "Tests", "{D72C4FDB-2ED3-4C1F-B54D-82A911CBA1DA}"
EndProject
Project("{FAE04EC0-301F-11D3-BF4B-00C04F79EFBC}") = "YouWavesAPIUnitTests", "Tests\YouWavesAPIUnitTests\YouWavesAPIUnitTests.csproj", "{657CC8A7-FA77-4C1E-A2C9-CC091CD30478}"
EndProject
Project("{FAE04EC0-301F-11D3-BF4B-00C04F79EFBC}") = "LoggerFramework", "Logger\LoggerFramework.csproj", "{CC99D10C-894B-4E77-90AD-EB9AD0D98B7D}"
EndProject
Global
	GlobalSection(SolutionConfigurationPlatforms) = preSolution
		Debug|Any CPU = Debug|Any CPU
		Release|Any CPU = Release|Any CPU
	EndGlobalSection
	GlobalSection(ProjectConfigurationPlatforms) = postSolution
		{B661093F-C5D3-493B-9C79-378B6EC495D4}.Debug|Any CPU.ActiveCfg = Debug|Any CPU
		{B661093F-C5D3-493B-9C79-378B6EC495D4}.Debug|Any CPU.Build.0 = Debug|Any CPU
		{B661093F-C5D3-493B-9C79-378B6EC495D4}.Release|Any CPU.ActiveCfg = Release|Any CPU
		{B661093F-C5D3-493B-9C79-378B6EC495D4}.Release|Any CPU.Build.0 = Release|Any CPU
		{51A6A9CA-9A64-45FB-B649-69B00AEBFA15}.Debug|Any CPU.ActiveCfg = Debug|Any CPU
		{51A6A9CA-9A64-45FB-B649-69B00AEBFA15}.Debug|Any CPU.Build.0 = Debug|Any CPU
		{51A6A9CA-9A64-45FB-B649-69B00AEBFA15}.Release|Any CPU.ActiveCfg = Release|Any CPU
		{51A6A9CA-9A64-45FB-B649-69B00AEBFA15}.Release|Any CPU.Build.0 = Release|Any CPU
		{B775F481-1B0D-4F39-9095-A59B994A23D4}.Debug|Any CPU.ActiveCfg = Debug|Any CPU
		{B775F481-1B0D-4F39-9095-A59B994A23D4}.Debug|Any CPU.Build.0 = Debug|Any CPU
		{B775F481-1B0D-4F39-9095-A59B994A23D4}.Release|Any CPU.ActiveCfg = Release|Any CPU
		{B775F481-1B0D-4F39-9095-A59B994A23D4}.Release|Any CPU.Build.0 = Release|Any CPU
		{EADFAF2C-D9B3-430D-85A8-F2DF7A0B367A}.Debug|Any CPU.ActiveCfg = Debug|Any CPU
		{EADFAF2C-D9B3-430D-85A8-F2DF7A0B367A}.Debug|Any CPU.Build.0 = Debug|Any CPU
		{EADFAF2C-D9B3-430D-85A8-F2DF7A0B367A}.Release|Any CPU.ActiveCfg = Release|Any CPU
		{EADFAF2C-D9B3-430D-85A8-F2DF7A0B367A}.Release|Any CPU.Build.0 = Release|Any CPU
		{042D3990-5DB5-46EB-8F85-9D0D4A95FA43}.Debug|Any CPU.ActiveCfg = Debug|Any CPU
		{042D3990-5DB5-46EB-8F85-9D0D4A95FA43}.Debug|Any CPU.Build.0 = Debug|Any CPU
		{042D3990-5DB5-46EB-8F85-9D0D4A95FA43}.Release|Any CPU.ActiveCfg = Release|Any CPU
		{042D3990-5DB5-46EB-8F85-9D0D4A95FA43}.Release|Any CPU.Build.0 = Release|Any CPU
		{5B8EC848-D47B-4F84-8792-137D6D8B3DD5}.Debug|Any CPU.ActiveCfg = Debug|Any CPU
		{5B8EC848-D47B-4F84-8792-137D6D8B3DD5}.Debug|Any CPU.Build.0 = Debug|Any CPU
		{5B8EC848-D47B-4F84-8792-137D6D8B3DD5}.Release|Any CPU.ActiveCfg = Release|Any CPU
		{5B8EC848-D47B-4F84-8792-137D6D8B3DD5}.Release|Any CPU.Build.0 = Release|Any CPU
		{6E450B02-E4E8-45FB-9CF3-67CABE8B3F3C}.Debug|Any CPU.ActiveCfg = Debug|Any CPU
		{6E450B02-E4E8-45FB-9CF3-67CABE8B3F3C}.Debug|Any CPU.Build.0 = Debug|Any CPU
		{6E450B02-E4E8-45FB-9CF3-67CABE8B3F3C}.Release|Any CPU.ActiveCfg = Release|Any CPU
		{6E450B02-E4E8-45FB-9CF3-67CABE8B3F3C}.Release|Any CPU.Build.0 = Release|Any CPU
		{1A0B05AC-FA4C-49C1-A87F-6AE51217A7FE}.Debug|Any CPU.ActiveCfg = Debug|Any CPU
		{1A0B05AC-FA4C-49C1-A87F-6AE51217A7FE}.Debug|Any CPU.Build.0 = Debug|Any CPU
		{1A0B05AC-FA4C-49C1-A87F-6AE51217A7FE}.Release|Any CPU.ActiveCfg = Release|Any CPU
		{1A0B05AC-FA4C-49C1-A87F-6AE51217A7FE}.Release|Any CPU.Build.0 = Release|Any CPU
		{C3E1120B-0102-4D44-862E-0C78C8454257}.Debug|Any CPU.ActiveCfg = Debug|Any CPU
		{C3E1120B-0102-4D44-862E-0C78C8454257}.Debug|Any CPU.Build.0 = Debug|Any CPU
		{C3E1120B-0102-4D44-862E-0C78C8454257}.Release|Any CPU.ActiveCfg = Release|Any CPU
		{C3E1120B-0102-4D44-862E-0C78C8454257}.Release|Any CPU.Build.0 = Release|Any CPU
		{891D89FA-08E3-4ED4-B413-34742BD88C6B}.Debug|Any CPU.ActiveCfg = Debug|Any CPU
		{891D89FA-08E3-4ED4-B413-34742BD88C6B}.Debug|Any CPU.Build.0 = Debug|Any CPU
		{891D89FA-08E3-4ED4-B413-34742BD88C6B}.Release|Any CPU.ActiveCfg = Release|Any CPU
		{891D89FA-08E3-4ED4-B413-34742BD88C6B}.Release|Any CPU.Build.0 = Release|Any CPU
		{657CC8A7-FA77-4C1E-A2C9-CC091CD30478}.Debug|Any CPU.ActiveCfg = Debug|Any CPU
		{657CC8A7-FA77-4C1E-A2C9-CC091CD30478}.Debug|Any CPU.Build.0 = Debug|Any CPU
		{657CC8A7-FA77-4C1E-A2C9-CC091CD30478}.Release|Any CPU.ActiveCfg = Release|Any CPU
		{657CC8A7-FA77-4C1E-A2C9-CC091CD30478}.Release|Any CPU.Build.0 = Release|Any CPU
		{CC99D10C-894B-4E77-90AD-EB9AD0D98B7D}.Debug|Any CPU.ActiveCfg = Debug|Any CPU
		{CC99D10C-894B-4E77-90AD-EB9AD0D98B7D}.Debug|Any CPU.Build.0 = Debug|Any CPU
		{CC99D10C-894B-4E77-90AD-EB9AD0D98B7D}.Release|Any CPU.ActiveCfg = Release|Any CPU
		{CC99D10C-894B-4E77-90AD-EB9AD0D98B7D}.Release|Any CPU.Build.0 = Release|Any CPU
	EndGlobalSection
	GlobalSection(SolutionProperties) = preSolution
		HideSolutionNode = FALSE
	EndGlobalSection
	GlobalSection(NestedProjects) = preSolution
		{B775F481-1B0D-4F39-9095-A59B994A23D4} = {256675B7-8C5E-41E9-84D3-07B4CAC39EC2}
		{EADFAF2C-D9B3-430D-85A8-F2DF7A0B367A} = {538FF9FE-E518-4927-8312-E2551E4D7CAD}
		{042D3990-5DB5-46EB-8F85-9D0D4A95FA43} = {538FF9FE-E518-4927-8312-E2551E4D7CAD}
		{5B8EC848-D47B-4F84-8792-137D6D8B3DD5} = {538FF9FE-E518-4927-8312-E2551E4D7CAD}
		{6E450B02-E4E8-45FB-9CF3-67CABE8B3F3C} = {256675B7-8C5E-41E9-84D3-07B4CAC39EC2}
		{538FF9FE-E518-4927-8312-E2551E4D7CAD} = {256675B7-8C5E-41E9-84D3-07B4CAC39EC2}
		{1A0B05AC-FA4C-49C1-A87F-6AE51217A7FE} = {196A50E6-39E7-43F6-8BE6-4EC748C56F48}
		{C3E1120B-0102-4D44-862E-0C78C8454257} = {196A50E6-39E7-43F6-8BE6-4EC748C56F48}
		{891D89FA-08E3-4ED4-B413-34742BD88C6B} = {196A50E6-39E7-43F6-8BE6-4EC748C56F48}
		{657CC8A7-FA77-4C1E-A2C9-CC091CD30478} = {D72C4FDB-2ED3-4C1F-B54D-82A911CBA1DA}
	EndGlobalSection
EndGlobal
